{
    "version": 3,
    "terraform_version": "0.11.13",
    "serial": 4,
    "lineage": "653a8e55-0106-c1cd-5214-b9ae05c20e36",
    "modules": [
        {
            "path": [
                "root"
            ],
            "outputs": {
                "config_map_aws_auth": {
                    "sensitive": false,
                    "type": "string",
                    "value": "\n\napiVersion: v1\nkind: ConfigMap\nmetadata:\n  name: aws-auth\n  namespace: kube-system\ndata:\n  mapRoles: |\n    - rolearn: arn:aws:iam::401357008048:role/terraform-eks-demo-node\n      username: system:node:{{EC2PrivateDNSName}}\n      groups:\n        - system:bootstrappers\n        - system:nodes\n"
                },
                "kubeconfig": {
                    "sensitive": false,
                    "type": "string",
                    "value": "\n\napiVersion: v1\nclusters:\n- cluster:\n    server: https://18E5198A2BBED57A14DAC19EE756CA31.sk1.us-west-2.eks.amazonaws.com\n    certificate-authority-data: LS0tLS1CRUdJTiBDRVJUSUZJQ0FURS0tLS0tCk1JSUN5RENDQWJDZ0F3SUJBZ0lCQURBTkJna3Foa2lHOXcwQkFRc0ZBREFWTVJNd0VRWURWUVFERXdwcmRXSmwKY201bGRHVnpNQjRYRFRFNU1ETXlOakU1TURRek1Wb1hEVEk1TURNeU16RTVNRFF6TVZvd0ZURVRNQkVHQTFVRQpBeE1LYTNWaVpYSnVaWFJsY3pDQ0FTSXdEUVlKS29aSWh2Y05BUUVCQlFBRGdnRVBBRENDQVFvQ2dnRUJBTDQxCml2SjJSdllNbkRoSjhWZDFudGhpVi95UXNoanhRMEJ4T2s3WTRFUDUzMzVMc2NGemdDKzhhNUVYUEVtMW85NjkKVmE2UkNmODZ1U2tjUmV2bzZia1MrSGlRWnNXV2wvbmRvVS9JUzV6U3dGRnVtalo3VUVVVFR0R3V2OVR6cEU4agplcW5VdnIrRGZZVEFpNXJiQ0pneW4xaEtMWG44WlloSDdNdlRRM2hxY3N5dVM3ZTBzOVk4RUlNMEhSK0paZEJHCkdSY3VxVWxUdTRuRFhwT1V3RzZVS2JYalMvYmFpTGY0OVJVMWZORXB5bC9RbzdoeUVCN1VCK3RJV2NBam9PSVMKcFdBNGd4UXgvQnV5a0Z0RmRsanZUMk8xMEx4dmhFakd0ZFdwNEdKZWpwOUI4L2Q3RnVTYWRaRmpRZWo1d1gzMgpPWWZxTTJnV0pVaEtXRkZadko4Q0F3RUFBYU1qTUNFd0RnWURWUjBQQVFIL0JBUURBZ0trTUE4R0ExVWRFd0VCCi93UUZNQU1CQWY4d0RRWUpLb1pJaHZjTkFRRUxCUUFEZ2dFQkFJcHBtcTM5azdHcVBhQUhBeDNTSzQ1ZW4yT2IKRVIrNGZDZTk1ajZIU3RQbkY3VzVJUTA5WVJGdFpqYXU3M3RKWWdya2dWTmNCM1hrajVUUW9idTZEOW8yZVFQagphYnlVcFhLdHk5aER2Y0FUNkNIT2V1MXUrZnpnYU5Dbkp0aVVjVk9wUWY5TUZTUnM4OHpZWnVvUnUzNFp0S2J5Cm1KL2U1bHFvL1Zpc05odE5LTGRFR0RUamNFc2EwVHdmR2N5SGdicU9uMEMvaVRHWEpHSjJWSURqQUtPb0JvNzIKUDR3dmIvV0hraVBmRi81bG1hc0V1ajdDTGN1WTltU0Ztd1dSdTlYM3J0bXR3MnRmL0JXK3RLazI5bVBQdTdPagowVmxRTlJka3Flcm9uU0JNUnJuekE4b25OZXZJQmFHVGFRM3JBS3o2bUxJd1hmT0pCcFBkVkNNUjFFcz0KLS0tLS1FTkQgQ0VSVElGSUNBVEUtLS0tLQo=\n  name: kubernetes\ncontexts:\n- context:\n    cluster: kubernetes\n    user: aws\n  name: aws\ncurrent-context: aws\nkind: Config\npreferences: {}\nusers:\n- name: aws\n  user:\n    exec:\n      apiVersion: client.authentication.k8s.io/v1alpha1\n      command: aws-iam-authenticator\n      args:\n        - \"token\"\n        - \"-i\"\n        - \"terraform-eks-demo\"\n"
                }
            },
            "resources": {
                "aws_autoscaling_group.demo": {
                    "type": "aws_autoscaling_group",
                    "depends_on": [
                        "aws_launch_configuration.demo",
                        "aws_subnet.demo.*"
                    ],
                    "primary": {
                        "id": "terraform-eks-demo",
                        "attributes": {
                            "arn": "arn:aws:autoscaling:us-west-2:401357008048:autoScalingGroup:8cfad052-11e1-4916-88e9-884ac590527e:autoScalingGroupName/terraform-eks-demo",
                            "availability_zones.#": "2",
                            "availability_zones.221770259": "us-west-2b",
                            "availability_zones.2487133097": "us-west-2a",
                            "default_cooldown": "300",
                            "desired_capacity": "2",
                            "enabled_metrics.#": "0",
                            "force_delete": "false",
                            "health_check_grace_period": "300",
                            "health_check_type": "EC2",
                            "id": "terraform-eks-demo",
                            "launch_configuration": "terraform-eks-demo20190326190657461600000006",
                            "launch_template.#": "0",
                            "load_balancers.#": "0",
                            "max_size": "2",
                            "metrics_granularity": "1Minute",
                            "min_size": "1",
                            "mixed_instances_policy.#": "0",
                            "name": "terraform-eks-demo",
                            "placement_group": "",
                            "protect_from_scale_in": "false",
                            "service_linked_role_arn": "arn:aws:iam::401357008048:role/aws-service-role/autoscaling.amazonaws.com/AWSServiceRoleForAutoScaling",
                            "suspended_processes.#": "0",
                            "tag.#": "2",
                            "tag.3381877819.key": "kubernetes.io/cluster/terraform-eks-demo",
                            "tag.3381877819.propagate_at_launch": "true",
                            "tag.3381877819.value": "owned",
                            "tag.4079220990.key": "Name",
                            "tag.4079220990.propagate_at_launch": "true",
                            "tag.4079220990.value": "terraform-eks-demo",
                            "target_group_arns.#": "0",
                            "termination_policies.#": "0",
                            "vpc_zone_identifier.#": "2",
                            "vpc_zone_identifier.1006569467": "subnet-0c66130121ef9067e",
                            "vpc_zone_identifier.2125042868": "subnet-0eeed6b25f00c4099",
                            "wait_for_capacity_timeout": "10m"
                        },
                        "meta": {
                            "e2bfb730-ecaa-11e6-8f88-34363bc7c4c0": {
                                "delete": 600000000000
                            }
                        },
                        "tainted": false
                    },
                    "deposed": [],
                    "provider": "provider.aws"
                },
                "aws_eks_cluster.demo": {
                    "type": "aws_eks_cluster",
                    "depends_on": [
                        "aws_iam_role.demo-cluster",
                        "aws_iam_role_policy_attachment.demo-cluster-AmazonEKSClusterPolicy",
                        "aws_iam_role_policy_attachment.demo-cluster-AmazonEKSServicePolicy",
                        "aws_security_group.demo-cluster",
                        "aws_subnet.demo.*"
                    ],
                    "primary": {
                        "id": "terraform-eks-demo",
                        "attributes": {
                            "arn": "arn:aws:eks:us-west-2:401357008048:cluster/terraform-eks-demo",
                            "certificate_authority.#": "1",
                            "certificate_authority.0.data": "LS0tLS1CRUdJTiBDRVJUSUZJQ0FURS0tLS0tCk1JSUN5RENDQWJDZ0F3SUJBZ0lCQURBTkJna3Foa2lHOXcwQkFRc0ZBREFWTVJNd0VRWURWUVFERXdwcmRXSmwKY201bGRHVnpNQjRYRFRFNU1ETXlOakU1TURRek1Wb1hEVEk1TURNeU16RTVNRFF6TVZvd0ZURVRNQkVHQTFVRQpBeE1LYTNWaVpYSnVaWFJsY3pDQ0FTSXdEUVlKS29aSWh2Y05BUUVCQlFBRGdnRVBBRENDQVFvQ2dnRUJBTDQxCml2SjJSdllNbkRoSjhWZDFudGhpVi95UXNoanhRMEJ4T2s3WTRFUDUzMzVMc2NGemdDKzhhNUVYUEVtMW85NjkKVmE2UkNmODZ1U2tjUmV2bzZia1MrSGlRWnNXV2wvbmRvVS9JUzV6U3dGRnVtalo3VUVVVFR0R3V2OVR6cEU4agplcW5VdnIrRGZZVEFpNXJiQ0pneW4xaEtMWG44WlloSDdNdlRRM2hxY3N5dVM3ZTBzOVk4RUlNMEhSK0paZEJHCkdSY3VxVWxUdTRuRFhwT1V3RzZVS2JYalMvYmFpTGY0OVJVMWZORXB5bC9RbzdoeUVCN1VCK3RJV2NBam9PSVMKcFdBNGd4UXgvQnV5a0Z0RmRsanZUMk8xMEx4dmhFakd0ZFdwNEdKZWpwOUI4L2Q3RnVTYWRaRmpRZWo1d1gzMgpPWWZxTTJnV0pVaEtXRkZadko4Q0F3RUFBYU1qTUNFd0RnWURWUjBQQVFIL0JBUURBZ0trTUE4R0ExVWRFd0VCCi93UUZNQU1CQWY4d0RRWUpLb1pJaHZjTkFRRUxCUUFEZ2dFQkFJcHBtcTM5azdHcVBhQUhBeDNTSzQ1ZW4yT2IKRVIrNGZDZTk1ajZIU3RQbkY3VzVJUTA5WVJGdFpqYXU3M3RKWWdya2dWTmNCM1hrajVUUW9idTZEOW8yZVFQagphYnlVcFhLdHk5aER2Y0FUNkNIT2V1MXUrZnpnYU5Dbkp0aVVjVk9wUWY5TUZTUnM4OHpZWnVvUnUzNFp0S2J5Cm1KL2U1bHFvL1Zpc05odE5LTGRFR0RUamNFc2EwVHdmR2N5SGdicU9uMEMvaVRHWEpHSjJWSURqQUtPb0JvNzIKUDR3dmIvV0hraVBmRi81bG1hc0V1ajdDTGN1WTltU0Ztd1dSdTlYM3J0bXR3MnRmL0JXK3RLazI5bVBQdTdPagowVmxRTlJka3Flcm9uU0JNUnJuekE4b25OZXZJQmFHVGFRM3JBS3o2bUxJd1hmT0pCcFBkVkNNUjFFcz0KLS0tLS1FTkQgQ0VSVElGSUNBVEUtLS0tLQo=",
                            "created_at": "2019-03-26 18:56:06 +0000 UTC",
                            "endpoint": "https://18E5198A2BBED57A14DAC19EE756CA31.sk1.us-west-2.eks.amazonaws.com",
                            "id": "terraform-eks-demo",
                            "name": "terraform-eks-demo",
                            "platform_version": "eks.2",
                            "role_arn": "arn:aws:iam::401357008048:role/terraform-eks-demo-cluster",
                            "version": "1.11",
                            "vpc_config.#": "1",
                            "vpc_config.0.endpoint_private_access": "false",
                            "vpc_config.0.endpoint_public_access": "true",
                            "vpc_config.0.security_group_ids.#": "1",
                            "vpc_config.0.security_group_ids.1545537946": "sg-03f82737923f9e818",
                            "vpc_config.0.subnet_ids.#": "2",
                            "vpc_config.0.subnet_ids.1230885434": "subnet-0c66130121ef9067e",
                            "vpc_config.0.subnet_ids.2944129192": "subnet-0eeed6b25f00c4099",
                            "vpc_config.0.vpc_id": "vpc-092d870b749fcc0bc"
                        },
                        "meta": {
                            "e2bfb730-ecaa-11e6-8f88-34363bc7c4c0": {
                                "create": 900000000000,
                                "delete": 900000000000,
                                "update": 3600000000000
                            }
                        },
                        "tainted": false
                    },
                    "deposed": [],
                    "provider": "provider.aws"
                },
                "aws_iam_instance_profile.demo-node": {
                    "type": "aws_iam_instance_profile",
                    "depends_on": [
                        "aws_iam_role.demo-node"
                    ],
                    "primary": {
                        "id": "terraform-eks-demo",
                        "attributes": {
                            "arn": "arn:aws:iam::401357008048:instance-profile/terraform-eks-demo",
                            "create_date": "2019-03-26T18:55:52Z",
                            "id": "terraform-eks-demo",
                            "name": "terraform-eks-demo",
                            "path": "/",
                            "role": "terraform-eks-demo-node",
                            "roles.#": "0",
                            "unique_id": "AIPAJ3W23KYIOFICCECSW"
                        },
                        "meta": {},
                        "tainted": false
                    },
                    "deposed": [],
                    "provider": "provider.aws"
                },
                "aws_iam_role.demo-cluster": {
                    "type": "aws_iam_role",
                    "depends_on": [],
                    "primary": {
                        "id": "terraform-eks-demo-cluster",
                        "attributes": {
                            "arn": "arn:aws:iam::401357008048:role/terraform-eks-demo-cluster",
                            "assume_role_policy": "{\"Version\":\"2012-10-17\",\"Statement\":[{\"Effect\":\"Allow\",\"Principal\":{\"Service\":\"eks.amazonaws.com\"},\"Action\":\"sts:AssumeRole\"}]}",
                            "create_date": "2019-03-26T18:55:51Z",
                            "description": "",
                            "force_detach_policies": "false",
                            "id": "terraform-eks-demo-cluster",
                            "max_session_duration": "3600",
                            "name": "terraform-eks-demo-cluster",
                            "path": "/",
                            "tags.%": "0",
                            "unique_id": "AROAJXBFL6IIFDRZIVLDS"
                        },
                        "meta": {},
                        "tainted": false
                    },
                    "deposed": [],
                    "provider": "provider.aws"
                },
                "aws_iam_role.demo-node": {
                    "type": "aws_iam_role",
                    "depends_on": [],
                    "primary": {
                        "id": "terraform-eks-demo-node",
                        "attributes": {
                            "arn": "arn:aws:iam::401357008048:role/terraform-eks-demo-node",
                            "assume_role_policy": "{\"Version\":\"2012-10-17\",\"Statement\":[{\"Effect\":\"Allow\",\"Principal\":{\"Service\":\"ec2.amazonaws.com\"},\"Action\":\"sts:AssumeRole\"}]}",
                            "create_date": "2019-03-26T18:55:51Z",
                            "description": "",
                            "force_detach_policies": "false",
                            "id": "terraform-eks-demo-node",
                            "max_session_duration": "3600",
                            "name": "terraform-eks-demo-node",
                            "path": "/",
                            "tags.%": "0",
                            "unique_id": "AROAIO3B2IBQEO6DMTMRG"
                        },
                        "meta": {},
                        "tainted": false
                    },
                    "deposed": [],
                    "provider": "provider.aws"
                },
                "aws_iam_role_policy_attachment.demo-cluster-AmazonEKSClusterPolicy": {
                    "type": "aws_iam_role_policy_attachment",
                    "depends_on": [
                        "aws_iam_role.demo-cluster"
                    ],
                    "primary": {
                        "id": "terraform-eks-demo-cluster-20190326185552224500000004",
                        "attributes": {
                            "id": "terraform-eks-demo-cluster-20190326185552224500000004",
                            "policy_arn": "arn:aws:iam::aws:policy/AmazonEKSClusterPolicy",
                            "role": "terraform-eks-demo-cluster"
                        },
                        "meta": {},
                        "tainted": false
                    },
                    "deposed": [],
                    "provider": "provider.aws"
                },
                "aws_iam_role_policy_attachment.demo-cluster-AmazonEKSServicePolicy": {
                    "type": "aws_iam_role_policy_attachment",
                    "depends_on": [
                        "aws_iam_role.demo-cluster"
                    ],
                    "primary": {
                        "id": "terraform-eks-demo-cluster-20190326185552224300000003",
                        "attributes": {
                            "id": "terraform-eks-demo-cluster-20190326185552224300000003",
                            "policy_arn": "arn:aws:iam::aws:policy/AmazonEKSServicePolicy",
                            "role": "terraform-eks-demo-cluster"
                        },
                        "meta": {},
                        "tainted": false
                    },
                    "deposed": [],
                    "provider": "provider.aws"
                },
                "aws_iam_role_policy_attachment.demo-node-AmazonEC2ContainerRegistryReadOnly": {
                    "type": "aws_iam_role_policy_attachment",
                    "depends_on": [
                        "aws_iam_role.demo-node"
                    ],
                    "primary": {
                        "id": "terraform-eks-demo-node-20190326185552232000000005",
                        "attributes": {
                            "id": "terraform-eks-demo-node-20190326185552232000000005",
                            "policy_arn": "arn:aws:iam::aws:policy/AmazonEC2ContainerRegistryReadOnly",
                            "role": "terraform-eks-demo-node"
                        },
                        "meta": {},
                        "tainted": false
                    },
                    "deposed": [],
                    "provider": "provider.aws"
                },
                "aws_iam_role_policy_attachment.demo-node-AmazonEKSWorkerNodePolicy": {
                    "type": "aws_iam_role_policy_attachment",
                    "depends_on": [
                        "aws_iam_role.demo-node"
                    ],
                    "primary": {
                        "id": "terraform-eks-demo-node-20190326185552182500000001",
                        "attributes": {
                            "id": "terraform-eks-demo-node-20190326185552182500000001",
                            "policy_arn": "arn:aws:iam::aws:policy/AmazonEKSWorkerNodePolicy",
                            "role": "terraform-eks-demo-node"
                        },
                        "meta": {},
                        "tainted": false
                    },
                    "deposed": [],
                    "provider": "provider.aws"
                },
                "aws_iam_role_policy_attachment.demo-node-AmazonEKS_CNI_Policy": {
                    "type": "aws_iam_role_policy_attachment",
                    "depends_on": [
                        "aws_iam_role.demo-node"
                    ],
                    "primary": {
                        "id": "terraform-eks-demo-node-20190326185552192500000002",
                        "attributes": {
                            "id": "terraform-eks-demo-node-20190326185552192500000002",
                            "policy_arn": "arn:aws:iam::aws:policy/AmazonEKS_CNI_Policy",
                            "role": "terraform-eks-demo-node"
                        },
                        "meta": {},
                        "tainted": false
                    },
                    "deposed": [],
                    "provider": "provider.aws"
                },
                "aws_internet_gateway.demo": {
                    "type": "aws_internet_gateway",
                    "depends_on": [
                        "aws_vpc.demo"
                    ],
                    "primary": {
                        "id": "igw-068fac9c1c43a3d18",
                        "attributes": {
                            "id": "igw-068fac9c1c43a3d18",
                            "owner_id": "401357008048",
                            "tags.%": "1",
                            "tags.Name": "terraform-eks-demo",
                            "vpc_id": "vpc-092d870b749fcc0bc"
                        },
                        "meta": {},
                        "tainted": false
                    },
                    "deposed": [],
                    "provider": "provider.aws"
                },
                "aws_launch_configuration.demo": {
                    "type": "aws_launch_configuration",
                    "depends_on": [
                        "aws_iam_instance_profile.demo-node",
                        "aws_security_group.demo-node",
                        "data.aws_ami.eks-worker",
                        "local.demo-node-userdata"
                    ],
                    "primary": {
                        "id": "terraform-eks-demo20190326190657461600000006",
                        "attributes": {
                            "associate_public_ip_address": "true",
                            "ebs_block_device.#": "0",
                            "ebs_optimized": "false",
                            "enable_monitoring": "true",
                            "ephemeral_block_device.#": "0",
                            "iam_instance_profile": "terraform-eks-demo",
                            "id": "terraform-eks-demo20190326190657461600000006",
                            "image_id": "ami-0c28139856aaf9c3b",
                            "instance_type": "m4.large",
                            "key_name": "",
                            "name": "terraform-eks-demo20190326190657461600000006",
                            "name_prefix": "terraform-eks-demo",
                            "root_block_device.#": "0",
                            "security_groups.#": "1",
                            "security_groups.1659550799": "sg-03af2ef76b1fdd35d",
                            "spot_price": "",
                            "user_data_base64": "IyEvYmluL2Jhc2gKc2V0IC1vIHh0cmFjZQovZXRjL2Vrcy9ib290c3RyYXAuc2ggLS1hcGlzZXJ2ZXItZW5kcG9pbnQgJ2h0dHBzOi8vMThFNTE5OEEyQkJFRDU3QTE0REFDMTlFRTc1NkNBMzEuc2sxLnVzLXdlc3QtMi5la3MuYW1hem9uYXdzLmNvbScgLS1iNjQtY2x1c3Rlci1jYSAnTFMwdExTMUNSVWRKVGlCRFJWSlVTVVpKUTBGVVJTMHRMUzB0Q2sxSlNVTjVSRU5EUVdKRFowRjNTVUpCWjBsQ1FVUkJUa0puYTNGb2EybEhPWGN3UWtGUmMwWkJSRUZXVFZKTmQwVlJXVVJXVVZGRVJYZHdjbVJYU213S1kyMDFiR1JIVm5wTlFqUllSRlJGTlUxRVRYbE9ha1UxVFVSUmVrMVdiMWhFVkVrMVRVUk5lVTE2UlRWTlJGRjZUVlp2ZDBaVVJWUk5Ra1ZIUVRGVlJRcEJlRTFMWVROV2FWcFlTblZhV0ZKc1kzcERRMEZUU1hkRVVWbEtTMjlhU1doMlkwNUJVVVZDUWxGQlJHZG5SVkJCUkVORFFWRnZRMmRuUlVKQlREUXhDbWwyU2pKU2RsbE5ia1JvU2poV1pERnVkR2hwVmk5NVVYTm9hbmhSTUVKNFQyczNXVFJGVURVek16Vk1jMk5HZW1kREt6aGhOVVZZVUVWdE1XODVOamtLVm1FMlVrTm1PRFoxVTJ0alVtVjJielppYTFNclNHbFJXbk5YVjJ3dmJtUnZWUzlKVXpWNlUzZEdSblZ0YWxvM1ZVVlZWRlIwUjNWMk9WUjZjRVU0YWdwbGNXNVZkbklyUkdaWlZFRnBOWEppUTBwbmVXNHhhRXRNV0c0NFdsbG9TRGROZGxSUk0yaHhZM041ZFZNM1pUQnpPVms0UlVsTk1FaFNLMHBhWkVKSENrZFNZM1Z4Vld4VWRUUnVSRmh3VDFWM1J6WlZTMkpZYWxNdlltRnBUR1kwT1ZKVk1XWk9SWEI1YkM5UmJ6ZG9lVVZDTjFWQ0szUkpWMk5CYW05UFNWTUtjRmRCTkdkNFVYZ3ZRblY1YTBaMFJtUnNhblpVTWs4eE1FeDRkbWhGYWtkMFpGZHdORWRLWldwd09VSTRMMlEzUm5WVFlXUmFSbXBSWldvMWQxZ3pNZ3BQV1daeFRUSm5WMHBWYUV0WFJrWmFka280UTBGM1JVRkJZVTFxVFVORmQwUm5XVVJXVWpCUVFWRklMMEpCVVVSQlowdHJUVUU0UjBFeFZXUkZkMFZDQ2k5M1VVWk5RVTFDUVdZNGQwUlJXVXBMYjFwSmFIWmpUa0ZSUlV4Q1VVRkVaMmRGUWtGSmNIQnRjVE01YXpkSGNWQmhRVWhCZUROVFN6UTFaVzR5VDJJS1JWSXJOR1pEWlRrMWFqWklVM1JRYmtZM1Z6VkpVVEE1V1ZKR2RGcHFZWFUzTTNSS1dXZHlhMmRXVG1OQ00xaHJhalZVVVc5aWRUWkVPVzh5WlZGUWFncGhZbmxWY0ZoTGRIazVhRVIyWTBGVU5rTklUMlYxTVhVclpucG5ZVTVEYmtwMGFWVmpWazl3VVdZNVRVWlRVbk00T0hwWlduVnZVblV6TkZwMFMySjVDbTFLTDJVMWJIRnZMMVpwYzA1b2RFNUxUR1JGUjBSVWFtTkZjMkV3VkhkbVIyTjVTR2RpY1U5dU1FTXZhVlJIV0VwSFNqSldTVVJxUVV0UGIwSnZOeklLVURSM2RtSXZWMGhyYVZCbVJpODFiRzFoYzBWMWFqZERUR04xV1RsdFUwWnRkMWRTZFRsWU0zSjBiWFIzTW5SbUwwSlhLM1JMYXpJNWJWQlFkVGRQYWdvd1ZteFJUbEprYTNGbGNtOXVVMEpOVW5KdWVrRTRiMjVPWlhaSlFtRkhWR0ZSTTNKQlMzbzJiVXhKZDFobVQwcENjRkJrVmtOTlVqRkZjejBLTFMwdExTMUZUa1FnUTBWU1ZFbEdTVU5CVkVVdExTMHRMUW89JyAndGVycmFmb3JtLWVrcy1kZW1vJwo=",
                            "vpc_classic_link_id": "",
                            "vpc_classic_link_security_groups.#": "0"
                        },
                        "meta": {},
                        "tainted": false
                    },
                    "deposed": [],
                    "provider": "provider.aws"
                },
                "aws_route_table.demo": {
                    "type": "aws_route_table",
                    "depends_on": [
                        "aws_internet_gateway.demo",
                        "aws_vpc.demo"
                    ],
                    "primary": {
                        "id": "rtb-056563ae853f2e5a8",
                        "attributes": {
                            "id": "rtb-056563ae853f2e5a8",
                            "owner_id": "401357008048",
                            "propagating_vgws.#": "0",
                            "route.#": "1",
                            "route.1449278287.cidr_block": "0.0.0.0/0",
                            "route.1449278287.egress_only_gateway_id": "",
                            "route.1449278287.gateway_id": "igw-068fac9c1c43a3d18",
                            "route.1449278287.instance_id": "",
                            "route.1449278287.ipv6_cidr_block": "",
                            "route.1449278287.nat_gateway_id": "",
                            "route.1449278287.network_interface_id": "",
                            "route.1449278287.transit_gateway_id": "",
                            "route.1449278287.vpc_peering_connection_id": "",
                            "tags.%": "0",
                            "vpc_id": "vpc-092d870b749fcc0bc"
                        },
                        "meta": {},
                        "tainted": false
                    },
                    "deposed": [],
                    "provider": "provider.aws"
                },
                "aws_route_table_association.demo.0": {
                    "type": "aws_route_table_association",
                    "depends_on": [
                        "aws_route_table.demo",
                        "aws_subnet.demo.*"
                    ],
                    "primary": {
                        "id": "rtbassoc-085271cd314c4b594",
                        "attributes": {
                            "id": "rtbassoc-085271cd314c4b594",
                            "route_table_id": "rtb-056563ae853f2e5a8",
                            "subnet_id": "subnet-0eeed6b25f00c4099"
                        },
                        "meta": {},
                        "tainted": false
                    },
                    "deposed": [],
                    "provider": "provider.aws"
                },
                "aws_route_table_association.demo.1": {
                    "type": "aws_route_table_association",
                    "depends_on": [
                        "aws_route_table.demo",
                        "aws_subnet.demo.*"
                    ],
                    "primary": {
                        "id": "rtbassoc-0abf43220caf7f786",
                        "attributes": {
                            "id": "rtbassoc-0abf43220caf7f786",
                            "route_table_id": "rtb-056563ae853f2e5a8",
                            "subnet_id": "subnet-0c66130121ef9067e"
                        },
                        "meta": {},
                        "tainted": false
                    },
                    "deposed": [],
                    "provider": "provider.aws"
                },
                "aws_security_group.demo-cluster": {
                    "type": "aws_security_group",
                    "depends_on": [
                        "aws_vpc.demo"
                    ],
                    "primary": {
                        "id": "sg-03f82737923f9e818",
                        "attributes": {
                            "arn": "arn:aws:ec2:us-west-2:401357008048:security-group/sg-03f82737923f9e818",
                            "description": "Cluster communication with worker nodes",
                            "egress.#": "1",
                            "egress.482069346.cidr_blocks.#": "1",
                            "egress.482069346.cidr_blocks.0": "0.0.0.0/0",
                            "egress.482069346.description": "",
                            "egress.482069346.from_port": "0",
                            "egress.482069346.ipv6_cidr_blocks.#": "0",
                            "egress.482069346.prefix_list_ids.#": "0",
                            "egress.482069346.protocol": "-1",
                            "egress.482069346.security_groups.#": "0",
                            "egress.482069346.self": "false",
                            "egress.482069346.to_port": "0",
                            "id": "sg-03f82737923f9e818",
                            "ingress.#": "0",
                            "name": "terraform-eks-demo-cluster",
                            "owner_id": "401357008048",
                            "revoke_rules_on_delete": "false",
                            "tags.%": "1",
                            "tags.Name": "terraform-eks-demo",
                            "vpc_id": "vpc-092d870b749fcc0bc"
                        },
                        "meta": {
                            "e2bfb730-ecaa-11e6-8f88-34363bc7c4c0": {
                                "create": 600000000000,
                                "delete": 600000000000
                            },
                            "schema_version": "1"
                        },
                        "tainted": false
                    },
                    "deposed": [],
                    "provider": "provider.aws"
                },
                "aws_security_group.demo-node": {
                    "type": "aws_security_group",
                    "depends_on": [
                        "aws_vpc.demo"
                    ],
                    "primary": {
                        "id": "sg-03af2ef76b1fdd35d",
                        "attributes": {
                            "arn": "arn:aws:ec2:us-west-2:401357008048:security-group/sg-03af2ef76b1fdd35d",
                            "description": "Security group for all nodes in the cluster",
                            "egress.#": "1",
                            "egress.482069346.cidr_blocks.#": "1",
                            "egress.482069346.cidr_blocks.0": "0.0.0.0/0",
                            "egress.482069346.description": "",
                            "egress.482069346.from_port": "0",
                            "egress.482069346.ipv6_cidr_blocks.#": "0",
                            "egress.482069346.prefix_list_ids.#": "0",
                            "egress.482069346.protocol": "-1",
                            "egress.482069346.security_groups.#": "0",
                            "egress.482069346.self": "false",
                            "egress.482069346.to_port": "0",
                            "id": "sg-03af2ef76b1fdd35d",
                            "ingress.#": "0",
                            "name": "terraform-eks-demo-node",
                            "owner_id": "401357008048",
                            "revoke_rules_on_delete": "false",
                            "tags.%": "2",
                            "tags.Name": "terraform-eks-demo-node",
                            "tags.kubernetes.io/cluster/terraform-eks-demo": "owned",
                            "vpc_id": "vpc-092d870b749fcc0bc"
                        },
                        "meta": {
                            "e2bfb730-ecaa-11e6-8f88-34363bc7c4c0": {
                                "create": 600000000000,
                                "delete": 600000000000
                            },
                            "schema_version": "1"
                        },
                        "tainted": false
                    },
                    "deposed": [],
                    "provider": "provider.aws"
                },
                "aws_security_group_rule.demo-cluster-ingress-node-https": {
                    "type": "aws_security_group_rule",
                    "depends_on": [
                        "aws_security_group.demo-cluster",
                        "aws_security_group.demo-node"
                    ],
                    "primary": {
                        "id": "sgrule-696464171",
                        "attributes": {
                            "description": "Allow pods to communicate with the cluster API Server",
                            "from_port": "443",
                            "id": "sgrule-696464171",
                            "protocol": "tcp",
                            "security_group_id": "sg-03f82737923f9e818",
                            "self": "false",
                            "source_security_group_id": "sg-03af2ef76b1fdd35d",
                            "to_port": "443",
                            "type": "ingress"
                        },
                        "meta": {
                            "schema_version": "2"
                        },
                        "tainted": false
                    },
                    "deposed": [],
                    "provider": "provider.aws"
                },
                "aws_security_group_rule.demo-cluster-ingress-workstation-https": {
                    "type": "aws_security_group_rule",
                    "depends_on": [
                        "aws_security_group.demo-cluster",
                        "local.workstation-external-cidr"
                    ],
                    "primary": {
                        "id": "sgrule-3726125615",
                        "attributes": {
                            "cidr_blocks.#": "1",
                            "cidr_blocks.0": "67.171.25.72/32",
                            "description": "Allow workstation to communicate with the cluster API Server",
                            "from_port": "443",
                            "id": "sgrule-3726125615",
                            "protocol": "tcp",
                            "security_group_id": "sg-03f82737923f9e818",
                            "self": "false",
                            "to_port": "443",
                            "type": "ingress"
                        },
                        "meta": {
                            "schema_version": "2"
                        },
                        "tainted": false
                    },
                    "deposed": [],
                    "provider": "provider.aws"
                },
                "aws_security_group_rule.demo-node-ingress-cluster": {
                    "type": "aws_security_group_rule",
                    "depends_on": [
                        "aws_security_group.demo-cluster",
                        "aws_security_group.demo-node"
                    ],
                    "primary": {
                        "id": "sgrule-3474637189",
                        "attributes": {
                            "description": "Allow worker Kubelets and pods to receive communication from the cluster control plane",
                            "from_port": "1025",
                            "id": "sgrule-3474637189",
                            "protocol": "tcp",
                            "security_group_id": "sg-03af2ef76b1fdd35d",
                            "self": "false",
                            "source_security_group_id": "sg-03f82737923f9e818",
                            "to_port": "65535",
                            "type": "ingress"
                        },
                        "meta": {
                            "schema_version": "2"
                        },
                        "tainted": false
                    },
                    "deposed": [],
                    "provider": "provider.aws"
                },
                "aws_security_group_rule.demo-node-ingress-self": {
                    "type": "aws_security_group_rule",
                    "depends_on": [
                        "aws_security_group.demo-node"
                    ],
                    "primary": {
                        "id": "sgrule-2771737937",
                        "attributes": {
                            "description": "Allow node to communicate with each other",
                            "from_port": "0",
                            "id": "sgrule-2771737937",
                            "protocol": "-1",
                            "security_group_id": "sg-03af2ef76b1fdd35d",
                            "self": "false",
                            "source_security_group_id": "sg-03af2ef76b1fdd35d",
                            "to_port": "65535",
                            "type": "ingress"
                        },
                        "meta": {
                            "schema_version": "2"
                        },
                        "tainted": false
                    },
                    "deposed": [],
                    "provider": "provider.aws"
                },
                "aws_subnet.demo.0": {
                    "type": "aws_subnet",
                    "depends_on": [
                        "aws_vpc.demo",
                        "data.aws_availability_zones.available"
                    ],
                    "primary": {
                        "id": "subnet-0eeed6b25f00c4099",
                        "attributes": {
                            "arn": "arn:aws:ec2:us-west-2:401357008048:subnet/subnet-0eeed6b25f00c4099",
                            "assign_ipv6_address_on_creation": "false",
                            "availability_zone": "us-west-2a",
                            "availability_zone_id": "usw2-az2",
                            "cidr_block": "10.0.0.0/24",
                            "id": "subnet-0eeed6b25f00c4099",
                            "ipv6_cidr_block": "",
                            "ipv6_cidr_block_association_id": "",
                            "map_public_ip_on_launch": "false",
                            "owner_id": "401357008048",
                            "tags.%": "2",
                            "tags.Name": "terraform-eks-demo-node",
                            "tags.kubernetes.io/cluster/terraform-eks-demo": "shared",
                            "vpc_id": "vpc-092d870b749fcc0bc"
                        },
                        "meta": {
                            "e2bfb730-ecaa-11e6-8f88-34363bc7c4c0": {
                                "create": 600000000000,
                                "delete": 600000000000
                            },
                            "schema_version": "1"
                        },
                        "tainted": false
                    },
                    "deposed": [],
                    "provider": "provider.aws"
                },
                "aws_subnet.demo.1": {
                    "type": "aws_subnet",
                    "depends_on": [
                        "aws_vpc.demo",
                        "data.aws_availability_zones.available"
                    ],
                    "primary": {
                        "id": "subnet-0c66130121ef9067e",
                        "attributes": {
                            "arn": "arn:aws:ec2:us-west-2:401357008048:subnet/subnet-0c66130121ef9067e",
                            "assign_ipv6_address_on_creation": "false",
                            "availability_zone": "us-west-2b",
                            "availability_zone_id": "usw2-az1",
                            "cidr_block": "10.0.1.0/24",
                            "id": "subnet-0c66130121ef9067e",
                            "ipv6_cidr_block": "",
                            "ipv6_cidr_block_association_id": "",
                            "map_public_ip_on_launch": "false",
                            "owner_id": "401357008048",
                            "tags.%": "2",
                            "tags.Name": "terraform-eks-demo-node",
                            "tags.kubernetes.io/cluster/terraform-eks-demo": "shared",
                            "vpc_id": "vpc-092d870b749fcc0bc"
                        },
                        "meta": {
                            "e2bfb730-ecaa-11e6-8f88-34363bc7c4c0": {
                                "create": 600000000000,
                                "delete": 600000000000
                            },
                            "schema_version": "1"
                        },
                        "tainted": false
                    },
                    "deposed": [],
                    "provider": "provider.aws"
                },
                "aws_vpc.demo": {
                    "type": "aws_vpc",
                    "depends_on": [],
                    "primary": {
                        "id": "vpc-092d870b749fcc0bc",
                        "attributes": {
                            "arn": "arn:aws:ec2:us-west-2:401357008048:vpc/vpc-092d870b749fcc0bc",
                            "assign_generated_ipv6_cidr_block": "false",
                            "cidr_block": "10.0.0.0/16",
                            "default_network_acl_id": "acl-02414fb59441eaffe",
                            "default_route_table_id": "rtb-09ab76b7aea5f0250",
                            "default_security_group_id": "sg-067e0aee6b3920ced",
                            "dhcp_options_id": "dopt-a7c815df",
                            "enable_classiclink": "false",
                            "enable_classiclink_dns_support": "false",
                            "enable_dns_hostnames": "false",
                            "enable_dns_support": "true",
                            "id": "vpc-092d870b749fcc0bc",
                            "instance_tenancy": "default",
                            "ipv6_association_id": "",
                            "ipv6_cidr_block": "",
                            "main_route_table_id": "rtb-09ab76b7aea5f0250",
                            "owner_id": "401357008048",
                            "tags.%": "2",
                            "tags.Name": "terraform-eks-demo-node",
                            "tags.kubernetes.io/cluster/terraform-eks-demo": "shared"
                        },
                        "meta": {
                            "schema_version": "1"
                        },
                        "tainted": false
                    },
                    "deposed": [],
                    "provider": "provider.aws"
                },
                "data.aws_ami.eks-worker": {
                    "type": "aws_ami",
                    "depends_on": [
                        "aws_eks_cluster.demo"
                    ],
                    "primary": {
                        "id": "ami-0c28139856aaf9c3b",
                        "attributes": {
                            "architecture": "x86_64",
                            "block_device_mappings.#": "1",
                            "block_device_mappings.3798922657.device_name": "/dev/xvda",
                            "block_device_mappings.3798922657.ebs.%": "6",
                            "block_device_mappings.3798922657.ebs.delete_on_termination": "true",
                            "block_device_mappings.3798922657.ebs.encrypted": "false",
                            "block_device_mappings.3798922657.ebs.iops": "0",
                            "block_device_mappings.3798922657.ebs.snapshot_id": "snap-07e01314161c3d6e0",
                            "block_device_mappings.3798922657.ebs.volume_size": "20",
                            "block_device_mappings.3798922657.ebs.volume_type": "gp2",
                            "block_device_mappings.3798922657.no_device": "",
                            "block_device_mappings.3798922657.virtual_name": "",
                            "creation_date": "2019-02-19T00:52:53.000Z",
                            "description": "EKS Kubernetes Worker AMI with AmazonLinux2 image (k8s: 1.11.5/2018-12-06/bin/linux/amd64, docker:18.06)",
                            "filter.#": "1",
                            "filter.4290779789.name": "name",
                            "filter.4290779789.values.#": "1",
                            "filter.4290779789.values.0": "amazon-eks-node-1.11-v*",
                            "hypervisor": "xen",
                            "id": "ami-0c28139856aaf9c3b",
                            "image_id": "ami-0c28139856aaf9c3b",
                            "image_location": "602401143452/amazon-eks-node-1.11-v20190220",
                            "image_type": "machine",
                            "most_recent": "true",
                            "name": "amazon-eks-node-1.11-v20190220",
                            "owner_id": "602401143452",
                            "owners.#": "1",
                            "owners.0": "602401143452",
                            "product_codes.#": "0",
                            "public": "true",
                            "root_device_name": "/dev/xvda",
                            "root_device_type": "ebs",
                            "root_snapshot_id": "snap-07e01314161c3d6e0",
                            "sriov_net_support": "simple",
                            "state": "available",
                            "state_reason.%": "2",
                            "state_reason.code": "UNSET",
                            "state_reason.message": "UNSET",
                            "tags.%": "0",
                            "virtualization_type": "hvm"
                        },
                        "meta": {},
                        "tainted": false
                    },
                    "deposed": [],
                    "provider": "provider.aws"
                },
                "data.aws_availability_zones.available": {
                    "type": "aws_availability_zones",
                    "depends_on": [],
                    "primary": {
                        "id": "2019-03-26 18:55:44.755967795 +0000 UTC",
                        "attributes": {
                            "id": "2019-03-26 18:55:44.755967795 +0000 UTC",
                            "names.#": "4",
                            "names.0": "us-west-2a",
                            "names.1": "us-west-2b",
                            "names.2": "us-west-2c",
                            "names.3": "us-west-2d",
                            "zone_ids.#": "4",
                            "zone_ids.0": "usw2-az2",
                            "zone_ids.1": "usw2-az1",
                            "zone_ids.2": "usw2-az3",
                            "zone_ids.3": "usw2-az4"
                        },
                        "meta": {},
                        "tainted": false
                    },
                    "deposed": [],
                    "provider": "provider.aws"
                },
                "data.aws_region.current": {
                    "type": "aws_region",
                    "depends_on": [],
                    "primary": {
                        "id": "us-west-2",
                        "attributes": {
                            "description": "US West (Oregon)",
                            "endpoint": "ec2.us-west-2.amazonaws.com",
                            "id": "us-west-2",
                            "name": "us-west-2"
                        },
                        "meta": {},
                        "tainted": false
                    },
                    "deposed": [],
                    "provider": "provider.aws"
                },
                "data.http.workstation-external-ip": {
                    "type": "http",
                    "depends_on": [],
                    "primary": {
                        "id": "2019-03-26 18:55:43.141055748 +0000 UTC",
                        "attributes": {
                            "body": "67.171.25.72\n",
                            "id": "2019-03-26 18:55:43.141055748 +0000 UTC",
                            "url": "http://ipv4.icanhazip.com"
                        },
                        "meta": {},
                        "tainted": false
                    },
                    "deposed": [],
                    "provider": "provider.http"
                }
            },
            "depends_on": []
        }
    ]
}
